
Microsoft Visual Studio Solution File, Format Version 12.00
# Visual Studio Version 17
VisualStudioVersion = 17.6.33829.357
MinimumVisualStudioVersion = 10.0.40219.1
Project("{FAE04EC0-301F-11D3-BF4B-00C04F79EFBC}") = "TTPL.ERP.API", "TTPL.ERP.API.csproj", "{807DEDCC-CFE2-4BFE-B14A-B7AD6EA38522}"
EndProject
Global
	GlobalSection(SolutionConfigurationPlatforms) = preSolution
		Debug|Any CPU = Debug|Any CPU
		Release|Any CPU = Release|Any CPU
	EndGlobalSection
	GlobalSection(ProjectConfigurationPlatforms) = postSolution
		{807DEDCC-CFE2-4BFE-B14A-B7AD6EA38522}.Debug|Any CPU.ActiveCfg = Debug|Any CPU
		{807DEDCC-CFE2-4BFE-B14A-B7AD6EA38522}.Debug|Any CPU.Build.0 = Debug|Any CPU
		{807DEDCC-CFE2-4BFE-B14A-B7AD6EA38522}.Release|Any CPU.ActiveCfg = Release|Any CPU
		{807DEDCC-CFE2-4BFE-B14A-B7AD6EA38522}.Release|Any CPU.Build.0 = Release|Any CPU
	EndGlobalSection
	GlobalSection(SolutionProperties) = preSolution
		HideSolutionNode = FALSE
	EndGlobalSection
	GlobalSection(ExtensibilityGlobals) = postSolution
		SolutionGuid = {227C5BAA-0937-4558-AE77-984CA092CD8C}
	EndGlobalSection
EndGlobal
